
Microsoft Visual Studio Solution File, Format Version 12.00
# Visual Studio Version 17
VisualStudioVersion = 17.8.34330.188
MinimumVisualStudioVersion = 10.0.40219.1
Project("{FAE04EC0-301F-11D3-BF4B-00C04F79EFBC}") = "Bleach By Cross", "Bleach By Cross.csproj", "{B55352AE-47A4-4501-B4FF-F5BA7CFE74BE}"
EndProject
Global
	GlobalSection(SolutionConfigurationPlatforms) = preSolution
		Debug|Any CPU = Debug|Any CPU
		Release|Any CPU = Release|Any CPU
	EndGlobalSection
	GlobalSection(ProjectConfigurationPlatforms) = postSolution
		{B55352AE-47A4-4501-B4FF-F5BA7CFE74BE}.Debug|Any CPU.ActiveCfg = Debug|Any CPU
		{B55352AE-47A4-4501-B4FF-F5BA7CFE74BE}.Debug|Any CPU.Build.0 = Debug|Any CPU
		{B55352AE-47A4-4501-B4FF-F5BA7CFE74BE}.Release|Any CPU.ActiveCfg = Release|Any CPU
		{B55352AE-47A4-4501-B4FF-F5BA7CFE74BE}.Release|Any CPU.Build.0 = Release|Any CPU
	EndGlobalSection
	GlobalSection(SolutionProperties) = preSolution
		HideSolutionNode = FALSE
	EndGlobalSection
	GlobalSection(ExtensibilityGlobals) = postSolution
		SolutionGuid = {096D5398-2189-4609-B84D-A3FA30AA605C}
	EndGlobalSection
EndGlobal
